
Microsoft Visual Studio Solution File, Format Version 12.00
# Visual Studio Version 16
VisualStudioVersion = 16.0.30804.86
MinimumVisualStudioVersion = 10.0.40219.1
Project("{FAE04EC0-301F-11D3-BF4B-00C04F79EFBC}") = "Jae.GitTest.ConsoleApp", "Jae.GitTest.ConsoleApp\Jae.GitTest.ConsoleApp.csproj", "{7E2BEFA2-74E0-49DE-AF1D-A89415EB0D84}"
EndProject
Global
	GlobalSection(SolutionConfigurationPlatforms) = preSolution
		Debug|Any CPU = Debug|Any CPU
		Release|Any CPU = Release|Any CPU
	EndGlobalSection
	GlobalSection(ProjectConfigurationPlatforms) = postSolution
		{7E2BEFA2-74E0-49DE-AF1D-A89415EB0D84}.Debug|Any CPU.ActiveCfg = Debug|Any CPU
		{7E2BEFA2-74E0-49DE-AF1D-A89415EB0D84}.Debug|Any CPU.Build.0 = Debug|Any CPU
		{7E2BEFA2-74E0-49DE-AF1D-A89415EB0D84}.Release|Any CPU.ActiveCfg = Release|Any CPU
		{7E2BEFA2-74E0-49DE-AF1D-A89415EB0D84}.Release|Any CPU.Build.0 = Release|Any CPU
	EndGlobalSection
	GlobalSection(SolutionProperties) = preSolution
		HideSolutionNode = FALSE
	EndGlobalSection
	GlobalSection(ExtensibilityGlobals) = postSolution
		SolutionGuid = {F29AA9C7-F7CB-4618-807A-4284C688FE13}
	EndGlobalSection
EndGlobal
